
Microsoft Visual Studio Solution File, Format Version 12.00
# Visual Studio 15
VisualStudioVersion = 15.0.28307.1300
MinimumVisualStudioVersion = 10.0.40219.1
Project("{FAE04EC0-301F-11D3-BF4B-00C04F79EFBC}") = "JpegEncoderUI", "JpegEncoderUI.csproj", "{2C163D48-A335-4216-8996-01E34C592330}"
EndProject
Global
	GlobalSection(SolutionConfigurationPlatforms) = preSolution
		Debug|Any CPU = Debug|Any CPU
		Release|Any CPU = Release|Any CPU
	EndGlobalSection
	GlobalSection(ProjectConfigurationPlatforms) = postSolution
		{2C163D48-A335-4216-8996-01E34C592330}.Debug|Any CPU.ActiveCfg = Debug|Any CPU
		{2C163D48-A335-4216-8996-01E34C592330}.Debug|Any CPU.Build.0 = Debug|Any CPU
		{2C163D48-A335-4216-8996-01E34C592330}.Release|Any CPU.ActiveCfg = Release|Any CPU
		{2C163D48-A335-4216-8996-01E34C592330}.Release|Any CPU.Build.0 = Release|Any CPU
	EndGlobalSection
	GlobalSection(SolutionProperties) = preSolution
		HideSolutionNode = FALSE
	EndGlobalSection
	GlobalSection(ExtensibilityGlobals) = postSolution
		SolutionGuid = {0C6CDF83-64C0-4A89-94E9-E738A1AA7235}
	EndGlobalSection
EndGlobal
